
Microsoft Visual Studio Solution File, Format Version 12.00
# Visual Studio 15
VisualStudioVersion = 15.0.28307.489
MinimumVisualStudioVersion = 10.0.40219.1
Project("{FAE04EC0-301F-11D3-BF4B-00C04F79EFBC}") = "SamuraiApp.Domain", "SamuraiApp.Domain\SamuraiApp.Domain.csproj", "{C3F28CC8-A5EB-4C16-AB1E-B737207CB72C}"
EndProject
Project("{FAE04EC0-301F-11D3-BF4B-00C04F79EFBC}") = "SamuraiApp.Data", "SamuraiApp.Data\SamuraiApp.Data.csproj", "{8C66356F-9185-4C27-9AED-3FA4D50FEC55}"
EndProject
Project("{FAE04EC0-301F-11D3-BF4B-00C04F79EFBC}") = "SomeUI", "SomeUI\SomeUI.csproj", "{85AD3A9F-4670-4227-AA25-E97721D30569}"
EndProject
Project("{FAE04EC0-301F-11D3-BF4B-00C04F79EFBC}") = "WebApp", "WebApp\WebApp.csproj", "{C635E7BA-910D-4C3E-86AA-749CA5937B5F}"
EndProject
Global
	GlobalSection(SolutionConfigurationPlatforms) = preSolution
		Debug|Any CPU = Debug|Any CPU
		Release|Any CPU = Release|Any CPU
	EndGlobalSection
	GlobalSection(ProjectConfigurationPlatforms) = postSolution
		{C3F28CC8-A5EB-4C16-AB1E-B737207CB72C}.Debug|Any CPU.ActiveCfg = Debug|Any CPU
		{C3F28CC8-A5EB-4C16-AB1E-B737207CB72C}.Debug|Any CPU.Build.0 = Debug|Any CPU
		{C3F28CC8-A5EB-4C16-AB1E-B737207CB72C}.Release|Any CPU.ActiveCfg = Release|Any CPU
		{C3F28CC8-A5EB-4C16-AB1E-B737207CB72C}.Release|Any CPU.Build.0 = Release|Any CPU
		{8C66356F-9185-4C27-9AED-3FA4D50FEC55}.Debug|Any CPU.ActiveCfg = Debug|Any CPU
		{8C66356F-9185-4C27-9AED-3FA4D50FEC55}.Debug|Any CPU.Build.0 = Debug|Any CPU
		{8C66356F-9185-4C27-9AED-3FA4D50FEC55}.Release|Any CPU.ActiveCfg = Release|Any CPU
		{8C66356F-9185-4C27-9AED-3FA4D50FEC55}.Release|Any CPU.Build.0 = Release|Any CPU
		{85AD3A9F-4670-4227-AA25-E97721D30569}.Debug|Any CPU.ActiveCfg = Debug|Any CPU
		{85AD3A9F-4670-4227-AA25-E97721D30569}.Debug|Any CPU.Build.0 = Debug|Any CPU
		{85AD3A9F-4670-4227-AA25-E97721D30569}.Release|Any CPU.ActiveCfg = Release|Any CPU
		{85AD3A9F-4670-4227-AA25-E97721D30569}.Release|Any CPU.Build.0 = Release|Any CPU
		{C635E7BA-910D-4C3E-86AA-749CA5937B5F}.Debug|Any CPU.ActiveCfg = Debug|Any CPU
		{C635E7BA-910D-4C3E-86AA-749CA5937B5F}.Debug|Any CPU.Build.0 = Debug|Any CPU
		{C635E7BA-910D-4C3E-86AA-749CA5937B5F}.Release|Any CPU.ActiveCfg = Release|Any CPU
		{C635E7BA-910D-4C3E-86AA-749CA5937B5F}.Release|Any CPU.Build.0 = Release|Any CPU
	EndGlobalSection
	GlobalSection(SolutionProperties) = preSolution
		HideSolutionNode = FALSE
	EndGlobalSection
	GlobalSection(ExtensibilityGlobals) = postSolution
		SolutionGuid = {D008D477-2CA4-4145-9F51-869B737CBD61}
	EndGlobalSection
EndGlobal
